<?xml version="1.0" encoding="utf-8"?>
<Project ToolsVersion="4.0" xmlns="http://schemas.microsoft.com/developer/msbuild/2003">
  <ItemGroup>
    <CudaCompile Include="point_in_polyhedron_0.cu" />
    <CudaCompile Include="point_in_polyhedron_fast_gpu.cu" />
  </ItemGroup>
  <ItemGroup>
    <ClInclude Include="GpuTimer.h" />
    <ClInclude Include="helper_math.h" />
    <ClInclude Include="pip_helpers.cuh" />
    <ClInclude Include="grid_builder.cuh" />
  </ItemGroup>
</Project>